
Microsoft Visual Studio Solution File, Format Version 12.00
# Visual Studio Version 17
VisualStudioVersion = 17.0.31903.59
MinimumVisualStudioVersion = 10.0.40219.1
Project("{FAE04EC0-301F-11D3-BF4B-00C04F79EFBC}") = "1976BackToMidway", "1976BackToMidway\1976BackToMidway.csproj", "{94357F09-4D94-4EF8-833F-727AF04C5DD1}"
EndProject
Project("{FAE04EC0-301F-11D3-BF4B-00C04F79EFBC}") = "ACCPlugin", "ACCPlugin\ACCPlugin.csproj", "{15CAE625-9368-4FBE-8B8B-1C8D27B2B497}"
EndProject
Project("{FAE04EC0-301F-11D3-BF4B-00C04F79EFBC}") = "AcesHighPlugin", "AcesHighPlugin\AcesHighPlugin.csproj", "{B09D6F46-7E8C-41D4-B569-E873B1078C44}"
EndProject
Project("{FAE04EC0-301F-11D3-BF4B-00C04F79EFBC}") = "ACPlugin", "ACPlugin\ACPlugin.csproj", "{6C8E8425-421F-46CD-8AEC-9B322567C30B}"
EndProject
Project("{FAE04EC0-301F-11D3-BF4B-00C04F79EFBC}") = "AeroFS2Plugin", "AeroFS2Plugin\AeroFS2Plugin.csproj", "{E2F45173-6172-4EE2-B434-48F498F5C6EF}"
EndProject
Project("{FAE04EC0-301F-11D3-BF4B-00C04F79EFBC}") = "Automobilista2Plugin", "Automobilista2Plugin\Automobilista2Plugin.csproj", "{760D4BF6-B7F4-47A2-A52E-17888F905247}"
EndProject
Project("{FAE04EC0-301F-11D3-BF4B-00C04F79EFBC}") = "BeamNGPlugin", "BeamNGPlugin\BeamNGPlugin.csproj", "{DB7A5884-A48C-4D2B-8106-D643825FA7F9}"
EndProject
Project("{FAE04EC0-301F-11D3-BF4B-00C04F79EFBC}") = "Condor2Plugin", "Condor2Plugin\Condor2Plugin.csproj", "{2B859D88-3F29-4373-863D-D7B712FFA973}"
EndProject
Project("{FAE04EC0-301F-11D3-BF4B-00C04F79EFBC}") = "DCSPlugin", "DCSPlugin\DCSPlugin.csproj", "{F9B33CA6-DBA2-4C8B-ABEF-A8D24A96454A}"
EndProject
Project("{FAE04EC0-301F-11D3-BF4B-00C04F79EFBC}") = "Dirt4Plugin", "Dirt4Plugin\Dirt4Plugin.csproj", "{CD718ED5-8051-4FF2-816A-58F4CEE81F61}"
EndProject
Project("{FAE04EC0-301F-11D3-BF4B-00C04F79EFBC}") = "Dirtrally2Plugin", "Dirtrally2Plugin\Dirtrally2Plugin.csproj", "{ED302CA9-CDE5-4E77-950E-816C359D7C7D}"
EndProject
Project("{FAE04EC0-301F-11D3-BF4B-00C04F79EFBC}") = "EliteDangerousPlugin", "EliteDangerousPlugin\EliteDangerousPlugin.csproj", "{92393AB1-1006-4B0B-9E9D-365A03EFB5C7}"
EndProject
Project("{FAE04EC0-301F-11D3-BF4B-00C04F79EFBC}") = "EuroTruckSimulator2Plugin", "EuroTruckSimulator2Plugin\EuroTruckSimulator2Plugin.csproj", "{D2732427-4BB0-4540-AA74-0DB9987EBE46}"
EndProject
Project("{FAE04EC0-301F-11D3-BF4B-00C04F79EFBC}") = "FarmingSimulator19Plugin", "FarmingSimulator19Plugin\FarmingSimulator19Plugin.csproj", "{C1411400-48BD-48DC-85B8-D151DCD061EC}"
EndProject
Project("{FAE04EC0-301F-11D3-BF4B-00C04F79EFBC}") = "FernbusPlugin", "FernbusPlugin\FernbusPlugin.csproj", "{39D88892-5A29-4904-8E4D-CD465ADABD98}"
EndProject
Project("{FAE04EC0-301F-11D3-BF4B-00C04F79EFBC}") = "ForzaHorizon5Plugin", "ForzaHorizon5Plugin\ForzaHorizon5Plugin.csproj", "{0415CAD6-8A90-456B-957B-65D44D9B9D7E}"
EndProject
Project("{FAE04EC0-301F-11D3-BF4B-00C04F79EFBC}") = "ForzaMotorsportPlugin", "ForzaMotorsportPlugin\ForzaMotorsportPlugin.csproj", "{E56148BA-7815-4A88-9ADD-6D2E6D05D46B}"
EndProject
Project("{FAE04EC0-301F-11D3-BF4B-00C04F79EFBC}") = "FS2024Plugin", "FS2024Plugin\FS2024Plugin.csproj", "{46A3F1E7-3983-4076-9763-8F006FB50726}"
EndProject
Project("{FAE04EC0-301F-11D3-BF4B-00C04F79EFBC}") = "FSXPlugin", "FSXPlugin\FSXPlugin.csproj", "{F3647688-1AAF-4F1A-A7D2-7D86B1C1595A}"
EndProject
Project("{FAE04EC0-301F-11D3-BF4B-00C04F79EFBC}") = "GamepadPlugin", "GamepadPlugin\GamepadPlugin.csproj", "{88E73C8A-2BA1-4948-88A7-64999DF7DBAA}"
EndProject
Project("{FAE04EC0-301F-11D3-BF4B-00C04F79EFBC}") = "GravitreXPlugin", "GravitreXPlugin\GravitreXPlugin.csproj", "{01D5AC9D-B0E3-4413-8726-A9DE80F53CDA}"
EndProject
Project("{FAE04EC0-301F-11D3-BF4B-00C04F79EFBC}") = "GT7Plugin", "GT7Plugin\GT7Plugin.csproj", "{9DD14943-3F95-45C8-AACE-0EB2582E47EF}"
EndProject
Project("{FAE04EC0-301F-11D3-BF4B-00C04F79EFBC}") = "Gta5Plugin", "Gta5Plugin\Gta5Plugin.csproj", "{E877B015-79D9-49FF-8D38-4EE18BE9A5EC}"
EndProject
Project("{FAE04EC0-301F-11D3-BF4B-00C04F79EFBC}") = "HelicopterSimulator2021Plugin", "HelicopterSimulator2021Plugin\HelicopterSimulator2021Plugin.csproj", "{2A791E0C-1E68-447F-B2EB-6D9026D6759E}"
EndProject
Project("{FAE04EC0-301F-11D3-BF4B-00C04F79EFBC}") = "HyperstormPlugin", "HyperstormPlugin\HyperstormPlugin.csproj", "{B9683243-6FED-4331-943A-CCA5417063D3}"
EndProject
Project("{FAE04EC0-301F-11D3-BF4B-00C04F79EFBC}") = "IL2Plugin", "IL2Plugin\IL2Plugin.csproj", "{0C3896E2-AECA-406E-B38C-4B4C3CD7E690}"
EndProject
Project("{FAE04EC0-301F-11D3-BF4B-00C04F79EFBC}") = "iRacingPlugin", "iRacingPlugin\iRacingPlugin.csproj", "{59F7712B-2690-40F2-9F30-45E68EDFF408}"
EndProject
Project("{FAE04EC0-301F-11D3-BF4B-00C04F79EFBC}") = "KartKraftPlugin", "KartKraftPlugin\KartKraftPlugin.csproj", "{EA0C82A9-58B4-468E-9973-52A206BDF502}"
EndProject
Project("{FAE04EC0-301F-11D3-BF4B-00C04F79EFBC}") = "LFSPlugin", "LFSPlugin\LFSPlugin.csproj", "{563D0FC7-AD70-40BD-87AB-F46816CCD32D}"
EndProject
Project("{FAE04EC0-301F-11D3-BF4B-00C04F79EFBC}") = "ManiaPlanetPlugin", "ManiaPlanetPlugin\ManiaPlanetPlugin.csproj", "{BF097056-6F2A-41E6-812A-0D991749609D}"
EndProject
Project("{FAE04EC0-301F-11D3-BF4B-00C04F79EFBC}") = "MotoGP18Plugin", "MotoGP18Plugin\MotoGP18Plugin.csproj", "{29FD2809-9576-4422-9019-1704E60352B6}"
EndProject
Project("{FAE04EC0-301F-11D3-BF4B-00C04F79EFBC}") = "NoLimits2Plugin", "NoLimits2Plugin\NoLimits2Plugin.csproj", "{1F7D2535-1B32-4A81-9038-BFC6C82F1D4C}"
EndProject
Project("{FAE04EC0-301F-11D3-BF4B-00C04F79EFBC}") = "ProjectCars2Plugin", "ProjectCars2Plugin\ProjectCars2Plugin.csproj", "{D63EF265-08BA-426C-BFC1-3F677A025ADB}"
EndProject
Project("{FAE04EC0-301F-11D3-BF4B-00C04F79EFBC}") = "ProjectCars3Plugin", "ProjectCars3Plugin\ProjectCars3Plugin.csproj", "{FAB435B5-AE75-47DD-B451-AD0331360F2B}"
EndProject
Project("{FAE04EC0-301F-11D3-BF4B-00C04F79EFBC}") = "RedOutPlugin", "RedOutPlugin\RedOutPlugin.csproj", "{8624EA9D-998A-4E25-A716-69EA835BCF9D}"
EndProject
Project("{FAE04EC0-301F-11D3-BF4B-00C04F79EFBC}") = "RedRoverPlugin", "RedRoverPlugin\RedRoverPlugin.csproj", "{DDEFEB34-0F69-413C-9BED-37F1D2376130}"
EndProject
Project("{FAE04EC0-301F-11D3-BF4B-00C04F79EFBC}") = "StarWarsSquadron", "StarWarsSquadron\StarWarsSquadron.csproj", "{C1BFED11-35AE-4B11-974A-D679CE28803D}"
EndProject
Project("{FAE04EC0-301F-11D3-BF4B-00C04F79EFBC}") = "SubnauticaPlugin", "SubnauticaPlugin\SubnauticaPlugin.csproj", "{8DA1E75B-4DB8-4C5B-AC09-85089C1E7D5B}"
EndProject
Project("{FAE04EC0-301F-11D3-BF4B-00C04F79EFBC}") = "TheCrew2Plugin", "TheCrew2\TheCrew2Plugin.csproj", "{B37AE05E-2E1B-4DA5-A0CE-27D59B33258E}"
EndProject
Project("{FAE04EC0-301F-11D3-BF4B-00C04F79EFBC}") = "TouringKartsPlugin", "TouringKartsPlugin\TouringKartsPlugin.csproj", "{CCC734CF-4FE3-4719-BF12-D11F544D7373}"
EndProject
Project("{FAE04EC0-301F-11D3-BF4B-00C04F79EFBC}") = "Vector36Plugin", "Vector36Plugin\Vector36Plugin.csproj", "{1029E84D-B6EB-4A53-AA5B-02DB8F258EAE}"
EndProject
Project("{FAE04EC0-301F-11D3-BF4B-00C04F79EFBC}") = "VRaceHoverBikePlugin", "VRaceHoverBikePlugin\VRaceHoverBikePlugin.csproj", "{8385A949-8953-45BE-8AD6-F92A538283B1}"
EndProject
Project("{FAE04EC0-301F-11D3-BF4B-00C04F79EFBC}") = "VtolPlugin", "VtolPlugin\VtolPlugin.csproj", "{75A5AC51-C340-4FBC-B93E-CC70B9771FF2}"
EndProject
Project("{FAE04EC0-301F-11D3-BF4B-00C04F79EFBC}") = "WarplanesWW1Plugin", "WarplanesWW1Plugin\WarplanesWW1Plugin.csproj", "{9DBFC8AF-5B2A-4224-9C0D-01F83924E8E0}"
EndProject
Project("{FAE04EC0-301F-11D3-BF4B-00C04F79EFBC}") = "WarthunderPlugin", "WarthunderPlugin\WarthunderPlugin.csproj", "{6B7F9E46-0E43-4164-A6AF-7599E11F7EAE}"
EndProject
Project("{FAE04EC0-301F-11D3-BF4B-00C04F79EFBC}") = "WhitewaterPlugin", "WhitewaterPlugin\WhitewaterPlugin.csproj", "{C99BAB01-32A0-4687-A46B-49E962250141}"
EndProject
Project("{FAE04EC0-301F-11D3-BF4B-00C04F79EFBC}") = "WRCPlugin", "WRCPlugin\WRCPlugin.csproj", "{3C148236-BB8B-4232-BDA2-0A0E2AB81552}"
EndProject
Project("{FAE04EC0-301F-11D3-BF4B-00C04F79EFBC}") = "XPlane11Plugin", "XPlane11Plugin\XPlane11Plugin.csproj", "{80B864E1-8787-4099-B803-911CEAB2ACF0}"
EndProject
Project("{FAE04EC0-301F-11D3-BF4B-00C04F79EFBC}") = "YawGLAPI", "YawGLAPI\YawGLAPI.csproj", "{5C463417-8B52-457C-A1AA-C43ED23296A3}"
EndProject
Project("{FAE04EC0-301F-11D3-BF4B-00C04F79EFBC}") = "FS2020Plugin", "FS2020Plugin\FS2020Plugin.csproj", "{2F6703E7-40CE-45BC-A4ED-23EE448FD1C0}"
EndProject
Project("{FAE04EC0-301F-11D3-BF4B-00C04F79EFBC}") = "ForzaHorizon4Plugin", "ForzaHorizon4Plugin\ForzaHorizon4Plugin.csproj", "{BF591155-53CC-4923-8E6D-AE8282D79ED1}"
EndProject
Project("{FAE04EC0-301F-11D3-BF4B-00C04F79EFBC}") = "F12020Plugin", "F12020Plugin\F12020Plugin.csproj", "{5692FC0D-DD46-45F2-84F8-E693B6FB3099}"
EndProject
Project("{FAE04EC0-301F-11D3-BF4B-00C04F79EFBC}") = "F12022Plugin", "F12022Plugin\F12022Plugin.csproj", "{F146A1C6-BE89-4425-93E1-9D30E3C87C24}"
EndProject
Project("{FAE04EC0-301F-11D3-BF4B-00C04F79EFBC}") = "F12023Plugin", "F12023Plugin\F12023Plugin.csproj", "{C70B068F-5359-48D1-A523-E6F4F7E50E52}"
EndProject
Project("{FAE04EC0-301F-11D3-BF4B-00C04F79EFBC}") = "F12024Plugin", "F12024Plugin\F12024Plugin.csproj", "{F46B661C-28CD-4D0B-BB64-D75DD2B325B4}"
EndProject
Project("{FAE04EC0-301F-11D3-BF4B-00C04F79EFBC}") = "OverloadPlugin", "OverloadPlugin\OverloadPlugin.csproj", "{72D8C5AD-5439-4235-A355-A2546A509A05}"
EndProject
Project("{FAE04EC0-301F-11D3-BF4B-00C04F79EFBC}") = "ACEPlugin", "ACEPlugin\ACEPlugin.csproj", "{88C6FDD2-9CD4-4015-BB6C-3389C29003BE}"
EndProject
Project("{FAE04EC0-301F-11D3-BF4B-00C04F79EFBC}") = "TDUSCPlugin", "TDUSCPlugin\TDUSCPlugin.csproj", "{B1A7D5E1-4F6B-4D3A-9F8D-2C8A1E6B5A3F}"
EndProject
Project("{2150E333-8FDC-42A3-9474-1A3956D46DE8}") = "Shared", "Shared", "{0CE2DEE3-ACB5-45F6-B995-6496481B4875}"
EndProject
Project("{FAE04EC0-301F-11D3-BF4B-00C04F79EFBC}") = "DistancePlugin", "DistancePlugin\DistancePlugin.csproj", "{4D31DE79-3B0E-4CAF-91AB-F3ACFBBE5F9B}"
EndProject
Project("{FAE04EC0-301F-11D3-BF4B-00C04F79EFBC}") = "IronRebellion", "IronRebellionPlugin\IronRebellion.csproj", "{ACDE3183-B78B-48E8-AB68-101FFA2F242F}"
EndProject
Project("{D954291E-2A0B-460D-934E-DC6B0785DB48}") = "SharedLib", "SharedLib\SharedLib.shproj", "{A0988E26-18F3-4AE4-95DF-3BD3B0ABE37E}"
EndProject
Project("{FAE04EC0-301F-11D3-BF4B-00C04F79EFBC}") = "NewStarGPPlugin", "NewStarGPPlugin\NewStarGPPlugin.csproj", "{247A212C-EA3C-46D9-82B1-2D7A8DD839E1}"
EndProject
Project("{FAE04EC0-301F-11D3-BF4B-00C04F79EFBC}") = "RaceRoomPlugin", "RaceRoomPlugin\RaceRoomPlugin.csproj", "{C7E1B331-2F79-4820-9AE4-52B0B3B45766}"
EndProject
Project("{FAE04EC0-301F-11D3-BF4B-00C04F79EFBC}") = "FalconBMS", "FalconBMSPlugin\FalconBMS.csproj", "{DF775724-F4C4-85A1-B474-C422CEB4B242}"
EndProject
Project("{FAE04EC0-301F-11D3-BF4B-00C04F79EFBC}") = "FlyDangerous", "FlyDangerous\FlyDangerous.csproj", "{8C2C05C2-3F2E-6D6E-4FF4-AEEDFD88E003}"
EndProject
Global
	GlobalSection(SolutionConfigurationPlatforms) = preSolution
		Debug|Any CPU = Debug|Any CPU
		Release|Any CPU = Release|Any CPU
	EndGlobalSection
	GlobalSection(ProjectConfigurationPlatforms) = postSolution
		{94357F09-4D94-4EF8-833F-727AF04C5DD1}.Debug|Any CPU.ActiveCfg = Debug|Any CPU
		{94357F09-4D94-4EF8-833F-727AF04C5DD1}.Debug|Any CPU.Build.0 = Debug|Any CPU
		{94357F09-4D94-4EF8-833F-727AF04C5DD1}.Release|Any CPU.ActiveCfg = Release|Any CPU
		{94357F09-4D94-4EF8-833F-727AF04C5DD1}.Release|Any CPU.Build.0 = Release|Any CPU
		{15CAE625-9368-4FBE-8B8B-1C8D27B2B497}.Debug|Any CPU.ActiveCfg = Debug|Any CPU
		{15CAE625-9368-4FBE-8B8B-1C8D27B2B497}.Debug|Any CPU.Build.0 = Debug|Any CPU
		{15CAE625-9368-4FBE-8B8B-1C8D27B2B497}.Release|Any CPU.ActiveCfg = Release|Any CPU
		{15CAE625-9368-4FBE-8B8B-1C8D27B2B497}.Release|Any CPU.Build.0 = Release|Any CPU
		{B09D6F46-7E8C-41D4-B569-E873B1078C44}.Debug|Any CPU.ActiveCfg = Debug|Any CPU
		{B09D6F46-7E8C-41D4-B569-E873B1078C44}.Debug|Any CPU.Build.0 = Debug|Any CPU
		{B09D6F46-7E8C-41D4-B569-E873B1078C44}.Release|Any CPU.ActiveCfg = Release|Any CPU
		{B09D6F46-7E8C-41D4-B569-E873B1078C44}.Release|Any CPU.Build.0 = Release|Any CPU
		{6C8E8425-421F-46CD-8AEC-9B322567C30B}.Debug|Any CPU.ActiveCfg = Debug|Any CPU
		{6C8E8425-421F-46CD-8AEC-9B322567C30B}.Debug|Any CPU.Build.0 = Debug|Any CPU
		{6C8E8425-421F-46CD-8AEC-9B322567C30B}.Release|Any CPU.ActiveCfg = Release|Any CPU
		{6C8E8425-421F-46CD-8AEC-9B322567C30B}.Release|Any CPU.Build.0 = Release|Any CPU
		{E2F45173-6172-4EE2-B434-48F498F5C6EF}.Debug|Any CPU.ActiveCfg = Debug|Any CPU
		{E2F45173-6172-4EE2-B434-48F498F5C6EF}.Debug|Any CPU.Build.0 = Debug|Any CPU
		{E2F45173-6172-4EE2-B434-48F498F5C6EF}.Release|Any CPU.ActiveCfg = Release|Any CPU
		{E2F45173-6172-4EE2-B434-48F498F5C6EF}.Release|Any CPU.Build.0 = Release|Any CPU
		{760D4BF6-B7F4-47A2-A52E-17888F905247}.Debug|Any CPU.ActiveCfg = Debug|Any CPU
		{760D4BF6-B7F4-47A2-A52E-17888F905247}.Debug|Any CPU.Build.0 = Debug|Any CPU
		{760D4BF6-B7F4-47A2-A52E-17888F905247}.Release|Any CPU.ActiveCfg = Release|Any CPU
		{760D4BF6-B7F4-47A2-A52E-17888F905247}.Release|Any CPU.Build.0 = Release|Any CPU
		{DB7A5884-A48C-4D2B-8106-D643825FA7F9}.Debug|Any CPU.ActiveCfg = Debug|Any CPU
		{DB7A5884-A48C-4D2B-8106-D643825FA7F9}.Debug|Any CPU.Build.0 = Debug|Any CPU
		{DB7A5884-A48C-4D2B-8106-D643825FA7F9}.Release|Any CPU.ActiveCfg = Release|Any CPU
		{DB7A5884-A48C-4D2B-8106-D643825FA7F9}.Release|Any CPU.Build.0 = Release|Any CPU
		{2B859D88-3F29-4373-863D-D7B712FFA973}.Debug|Any CPU.ActiveCfg = Debug|Any CPU
		{2B859D88-3F29-4373-863D-D7B712FFA973}.Debug|Any CPU.Build.0 = Debug|Any CPU
		{2B859D88-3F29-4373-863D-D7B712FFA973}.Release|Any CPU.ActiveCfg = Release|Any CPU
		{2B859D88-3F29-4373-863D-D7B712FFA973}.Release|Any CPU.Build.0 = Release|Any CPU
		{F9B33CA6-DBA2-4C8B-ABEF-A8D24A96454A}.Debug|Any CPU.ActiveCfg = Debug|Any CPU
		{F9B33CA6-DBA2-4C8B-ABEF-A8D24A96454A}.Debug|Any CPU.Build.0 = Debug|Any CPU
		{F9B33CA6-DBA2-4C8B-ABEF-A8D24A96454A}.Release|Any CPU.ActiveCfg = Release|Any CPU
		{F9B33CA6-DBA2-4C8B-ABEF-A8D24A96454A}.Release|Any CPU.Build.0 = Release|Any CPU
		{CD718ED5-8051-4FF2-816A-58F4CEE81F61}.Debug|Any CPU.ActiveCfg = Debug|Any CPU
		{CD718ED5-8051-4FF2-816A-58F4CEE81F61}.Debug|Any CPU.Build.0 = Debug|Any CPU
		{CD718ED5-8051-4FF2-816A-58F4CEE81F61}.Release|Any CPU.ActiveCfg = Release|Any CPU
		{CD718ED5-8051-4FF2-816A-58F4CEE81F61}.Release|Any CPU.Build.0 = Release|Any CPU
		{ED302CA9-CDE5-4E77-950E-816C359D7C7D}.Debug|Any CPU.ActiveCfg = Debug|Any CPU
		{ED302CA9-CDE5-4E77-950E-816C359D7C7D}.Debug|Any CPU.Build.0 = Debug|Any CPU
		{ED302CA9-CDE5-4E77-950E-816C359D7C7D}.Release|Any CPU.ActiveCfg = Release|Any CPU
		{ED302CA9-CDE5-4E77-950E-816C359D7C7D}.Release|Any CPU.Build.0 = Release|Any CPU
		{92393AB1-1006-4B0B-9E9D-365A03EFB5C7}.Debug|Any CPU.ActiveCfg = Debug|Any CPU
		{92393AB1-1006-4B0B-9E9D-365A03EFB5C7}.Debug|Any CPU.Build.0 = Debug|Any CPU
		{92393AB1-1006-4B0B-9E9D-365A03EFB5C7}.Release|Any CPU.ActiveCfg = Release|Any CPU
		{92393AB1-1006-4B0B-9E9D-365A03EFB5C7}.Release|Any CPU.Build.0 = Release|Any CPU
		{D2732427-4BB0-4540-AA74-0DB9987EBE46}.Debug|Any CPU.ActiveCfg = Debug|Any CPU
		{D2732427-4BB0-4540-AA74-0DB9987EBE46}.Debug|Any CPU.Build.0 = Debug|Any CPU
		{D2732427-4BB0-4540-AA74-0DB9987EBE46}.Release|Any CPU.ActiveCfg = Release|Any CPU
		{D2732427-4BB0-4540-AA74-0DB9987EBE46}.Release|Any CPU.Build.0 = Release|Any CPU
		{C1411400-48BD-48DC-85B8-D151DCD061EC}.Debug|Any CPU.ActiveCfg = Debug|Any CPU
		{C1411400-48BD-48DC-85B8-D151DCD061EC}.Debug|Any CPU.Build.0 = Debug|Any CPU
		{C1411400-48BD-48DC-85B8-D151DCD061EC}.Release|Any CPU.ActiveCfg = Release|Any CPU
		{C1411400-48BD-48DC-85B8-D151DCD061EC}.Release|Any CPU.Build.0 = Release|Any CPU
		{39D88892-5A29-4904-8E4D-CD465ADABD98}.Debug|Any CPU.ActiveCfg = Debug|Any CPU
		{39D88892-5A29-4904-8E4D-CD465ADABD98}.Debug|Any CPU.Build.0 = Debug|Any CPU
		{39D88892-5A29-4904-8E4D-CD465ADABD98}.Release|Any CPU.ActiveCfg = Release|Any CPU
		{39D88892-5A29-4904-8E4D-CD465ADABD98}.Release|Any CPU.Build.0 = Release|Any CPU
		{0415CAD6-8A90-456B-957B-65D44D9B9D7E}.Debug|Any CPU.ActiveCfg = Debug|Any CPU
		{0415CAD6-8A90-456B-957B-65D44D9B9D7E}.Debug|Any CPU.Build.0 = Debug|Any CPU
		{0415CAD6-8A90-456B-957B-65D44D9B9D7E}.Release|Any CPU.ActiveCfg = Release|Any CPU
		{0415CAD6-8A90-456B-957B-65D44D9B9D7E}.Release|Any CPU.Build.0 = Release|Any CPU
		{E56148BA-7815-4A88-9ADD-6D2E6D05D46B}.Debug|Any CPU.ActiveCfg = Debug|Any CPU
		{E56148BA-7815-4A88-9ADD-6D2E6D05D46B}.Debug|Any CPU.Build.0 = Debug|Any CPU
		{E56148BA-7815-4A88-9ADD-6D2E6D05D46B}.Release|Any CPU.ActiveCfg = Release|Any CPU
		{E56148BA-7815-4A88-9ADD-6D2E6D05D46B}.Release|Any CPU.Build.0 = Release|Any CPU
		{46A3F1E7-3983-4076-9763-8F006FB50726}.Debug|Any CPU.ActiveCfg = Debug|Any CPU
		{46A3F1E7-3983-4076-9763-8F006FB50726}.Debug|Any CPU.Build.0 = Debug|Any CPU
		{46A3F1E7-3983-4076-9763-8F006FB50726}.Release|Any CPU.ActiveCfg = Release|Any CPU
		{46A3F1E7-3983-4076-9763-8F006FB50726}.Release|Any CPU.Build.0 = Release|Any CPU
		{F3647688-1AAF-4F1A-A7D2-7D86B1C1595A}.Debug|Any CPU.ActiveCfg = Debug|Any CPU
		{F3647688-1AAF-4F1A-A7D2-7D86B1C1595A}.Debug|Any CPU.Build.0 = Debug|Any CPU
		{F3647688-1AAF-4F1A-A7D2-7D86B1C1595A}.Release|Any CPU.ActiveCfg = Release|Any CPU
		{F3647688-1AAF-4F1A-A7D2-7D86B1C1595A}.Release|Any CPU.Build.0 = Release|Any CPU
		{88E73C8A-2BA1-4948-88A7-64999DF7DBAA}.Debug|Any CPU.ActiveCfg = Debug|Any CPU
		{88E73C8A-2BA1-4948-88A7-64999DF7DBAA}.Debug|Any CPU.Build.0 = Debug|Any CPU
		{88E73C8A-2BA1-4948-88A7-64999DF7DBAA}.Release|Any CPU.ActiveCfg = Release|Any CPU
		{88E73C8A-2BA1-4948-88A7-64999DF7DBAA}.Release|Any CPU.Build.0 = Release|Any CPU
		{01D5AC9D-B0E3-4413-8726-A9DE80F53CDA}.Debug|Any CPU.ActiveCfg = Debug|Any CPU
		{01D5AC9D-B0E3-4413-8726-A9DE80F53CDA}.Debug|Any CPU.Build.0 = Debug|Any CPU
		{01D5AC9D-B0E3-4413-8726-A9DE80F53CDA}.Release|Any CPU.ActiveCfg = Release|Any CPU
		{01D5AC9D-B0E3-4413-8726-A9DE80F53CDA}.Release|Any CPU.Build.0 = Release|Any CPU
		{9DD14943-3F95-45C8-AACE-0EB2582E47EF}.Debug|Any CPU.ActiveCfg = Debug|Any CPU
		{9DD14943-3F95-45C8-AACE-0EB2582E47EF}.Debug|Any CPU.Build.0 = Debug|Any CPU
		{9DD14943-3F95-45C8-AACE-0EB2582E47EF}.Release|Any CPU.ActiveCfg = Release|Any CPU
		{9DD14943-3F95-45C8-AACE-0EB2582E47EF}.Release|Any CPU.Build.0 = Release|Any CPU
		{E877B015-79D9-49FF-8D38-4EE18BE9A5EC}.Debug|Any CPU.ActiveCfg = Debug|Any CPU
		{E877B015-79D9-49FF-8D38-4EE18BE9A5EC}.Debug|Any CPU.Build.0 = Debug|Any CPU
		{E877B015-79D9-49FF-8D38-4EE18BE9A5EC}.Release|Any CPU.ActiveCfg = Release|Any CPU
		{E877B015-79D9-49FF-8D38-4EE18BE9A5EC}.Release|Any CPU.Build.0 = Release|Any CPU
		{2A791E0C-1E68-447F-B2EB-6D9026D6759E}.Debug|Any CPU.ActiveCfg = Debug|Any CPU
		{2A791E0C-1E68-447F-B2EB-6D9026D6759E}.Debug|Any CPU.Build.0 = Debug|Any CPU
		{2A791E0C-1E68-447F-B2EB-6D9026D6759E}.Release|Any CPU.ActiveCfg = Release|Any CPU
		{2A791E0C-1E68-447F-B2EB-6D9026D6759E}.Release|Any CPU.Build.0 = Release|Any CPU
		{B9683243-6FED-4331-943A-CCA5417063D3}.Debug|Any CPU.ActiveCfg = Debug|Any CPU
		{B9683243-6FED-4331-943A-CCA5417063D3}.Debug|Any CPU.Build.0 = Debug|Any CPU
		{B9683243-6FED-4331-943A-CCA5417063D3}.Release|Any CPU.ActiveCfg = Release|Any CPU
		{B9683243-6FED-4331-943A-CCA5417063D3}.Release|Any CPU.Build.0 = Release|Any CPU
		{0C3896E2-AECA-406E-B38C-4B4C3CD7E690}.Debug|Any CPU.ActiveCfg = Debug|Any CPU
		{0C3896E2-AECA-406E-B38C-4B4C3CD7E690}.Debug|Any CPU.Build.0 = Debug|Any CPU
		{0C3896E2-AECA-406E-B38C-4B4C3CD7E690}.Release|Any CPU.ActiveCfg = Release|Any CPU
		{0C3896E2-AECA-406E-B38C-4B4C3CD7E690}.Release|Any CPU.Build.0 = Release|Any CPU
		{59F7712B-2690-40F2-9F30-45E68EDFF408}.Debug|Any CPU.ActiveCfg = Debug|Any CPU
		{59F7712B-2690-40F2-9F30-45E68EDFF408}.Debug|Any CPU.Build.0 = Debug|Any CPU
		{59F7712B-2690-40F2-9F30-45E68EDFF408}.Release|Any CPU.ActiveCfg = Release|Any CPU
		{59F7712B-2690-40F2-9F30-45E68EDFF408}.Release|Any CPU.Build.0 = Release|Any CPU
		{EA0C82A9-58B4-468E-9973-52A206BDF502}.Debug|Any CPU.ActiveCfg = Debug|Any CPU
		{EA0C82A9-58B4-468E-9973-52A206BDF502}.Debug|Any CPU.Build.0 = Debug|Any CPU
		{EA0C82A9-58B4-468E-9973-52A206BDF502}.Release|Any CPU.ActiveCfg = Release|Any CPU
		{EA0C82A9-58B4-468E-9973-52A206BDF502}.Release|Any CPU.Build.0 = Release|Any CPU
		{563D0FC7-AD70-40BD-87AB-F46816CCD32D}.Debug|Any CPU.ActiveCfg = Debug|Any CPU
		{563D0FC7-AD70-40BD-87AB-F46816CCD32D}.Debug|Any CPU.Build.0 = Debug|Any CPU
		{563D0FC7-AD70-40BD-87AB-F46816CCD32D}.Release|Any CPU.ActiveCfg = Release|Any CPU
		{563D0FC7-AD70-40BD-87AB-F46816CCD32D}.Release|Any CPU.Build.0 = Release|Any CPU
		{BF097056-6F2A-41E6-812A-0D991749609D}.Debug|Any CPU.ActiveCfg = Debug|Any CPU
		{BF097056-6F2A-41E6-812A-0D991749609D}.Debug|Any CPU.Build.0 = Debug|Any CPU
		{BF097056-6F2A-41E6-812A-0D991749609D}.Release|Any CPU.ActiveCfg = Release|Any CPU
		{BF097056-6F2A-41E6-812A-0D991749609D}.Release|Any CPU.Build.0 = Release|Any CPU
		{29FD2809-9576-4422-9019-1704E60352B6}.Debug|Any CPU.ActiveCfg = Debug|Any CPU
		{29FD2809-9576-4422-9019-1704E60352B6}.Debug|Any CPU.Build.0 = Debug|Any CPU
		{29FD2809-9576-4422-9019-1704E60352B6}.Release|Any CPU.ActiveCfg = Release|Any CPU
		{29FD2809-9576-4422-9019-1704E60352B6}.Release|Any CPU.Build.0 = Release|Any CPU
		{1F7D2535-1B32-4A81-9038-BFC6C82F1D4C}.Debug|Any CPU.ActiveCfg = Debug|Any CPU
		{1F7D2535-1B32-4A81-9038-BFC6C82F1D4C}.Debug|Any CPU.Build.0 = Debug|Any CPU
		{1F7D2535-1B32-4A81-9038-BFC6C82F1D4C}.Release|Any CPU.ActiveCfg = Release|Any CPU
		{1F7D2535-1B32-4A81-9038-BFC6C82F1D4C}.Release|Any CPU.Build.0 = Release|Any CPU
		{D63EF265-08BA-426C-BFC1-3F677A025ADB}.Debug|Any CPU.ActiveCfg = Debug|Any CPU
		{D63EF265-08BA-426C-BFC1-3F677A025ADB}.Debug|Any CPU.Build.0 = Debug|Any CPU
		{D63EF265-08BA-426C-BFC1-3F677A025ADB}.Release|Any CPU.ActiveCfg = Release|Any CPU
		{D63EF265-08BA-426C-BFC1-3F677A025ADB}.Release|Any CPU.Build.0 = Release|Any CPU
		{FAB435B5-AE75-47DD-B451-AD0331360F2B}.Debug|Any CPU.ActiveCfg = Debug|Any CPU
		{FAB435B5-AE75-47DD-B451-AD0331360F2B}.Debug|Any CPU.Build.0 = Debug|Any CPU
		{FAB435B5-AE75-47DD-B451-AD0331360F2B}.Release|Any CPU.ActiveCfg = Release|Any CPU
		{FAB435B5-AE75-47DD-B451-AD0331360F2B}.Release|Any CPU.Build.0 = Release|Any CPU
		{8624EA9D-998A-4E25-A716-69EA835BCF9D}.Debug|Any CPU.ActiveCfg = Debug|Any CPU
		{8624EA9D-998A-4E25-A716-69EA835BCF9D}.Debug|Any CPU.Build.0 = Debug|Any CPU
		{8624EA9D-998A-4E25-A716-69EA835BCF9D}.Release|Any CPU.ActiveCfg = Release|Any CPU
		{8624EA9D-998A-4E25-A716-69EA835BCF9D}.Release|Any CPU.Build.0 = Release|Any CPU
		{DDEFEB34-0F69-413C-9BED-37F1D2376130}.Debug|Any CPU.ActiveCfg = Debug|Any CPU
		{DDEFEB34-0F69-413C-9BED-37F1D2376130}.Debug|Any CPU.Build.0 = Debug|Any CPU
		{DDEFEB34-0F69-413C-9BED-37F1D2376130}.Release|Any CPU.ActiveCfg = Release|Any CPU
		{DDEFEB34-0F69-413C-9BED-37F1D2376130}.Release|Any CPU.Build.0 = Release|Any CPU
		{C1BFED11-35AE-4B11-974A-D679CE28803D}.Debug|Any CPU.ActiveCfg = Debug|Any CPU
		{C1BFED11-35AE-4B11-974A-D679CE28803D}.Debug|Any CPU.Build.0 = Debug|Any CPU
		{C1BFED11-35AE-4B11-974A-D679CE28803D}.Release|Any CPU.ActiveCfg = Release|Any CPU
		{C1BFED11-35AE-4B11-974A-D679CE28803D}.Release|Any CPU.Build.0 = Release|Any CPU
		{8DA1E75B-4DB8-4C5B-AC09-85089C1E7D5B}.Debug|Any CPU.ActiveCfg = Debug|Any CPU
		{8DA1E75B-4DB8-4C5B-AC09-85089C1E7D5B}.Debug|Any CPU.Build.0 = Debug|Any CPU
		{8DA1E75B-4DB8-4C5B-AC09-85089C1E7D5B}.Release|Any CPU.ActiveCfg = Release|Any CPU
		{8DA1E75B-4DB8-4C5B-AC09-85089C1E7D5B}.Release|Any CPU.Build.0 = Release|Any CPU
		{B37AE05E-2E1B-4DA5-A0CE-27D59B33258E}.Debug|Any CPU.ActiveCfg = Debug|Any CPU
		{B37AE05E-2E1B-4DA5-A0CE-27D59B33258E}.Debug|Any CPU.Build.0 = Debug|Any CPU
		{B37AE05E-2E1B-4DA5-A0CE-27D59B33258E}.Release|Any CPU.ActiveCfg = Release|Any CPU
		{B37AE05E-2E1B-4DA5-A0CE-27D59B33258E}.Release|Any CPU.Build.0 = Release|Any CPU
		{CCC734CF-4FE3-4719-BF12-D11F544D7373}.Debug|Any CPU.ActiveCfg = Debug|Any CPU
		{CCC734CF-4FE3-4719-BF12-D11F544D7373}.Debug|Any CPU.Build.0 = Debug|Any CPU
		{CCC734CF-4FE3-4719-BF12-D11F544D7373}.Release|Any CPU.ActiveCfg = Release|Any CPU
		{CCC734CF-4FE3-4719-BF12-D11F544D7373}.Release|Any CPU.Build.0 = Release|Any CPU
		{1029E84D-B6EB-4A53-AA5B-02DB8F258EAE}.Debug|Any CPU.ActiveCfg = Debug|Any CPU
		{1029E84D-B6EB-4A53-AA5B-02DB8F258EAE}.Debug|Any CPU.Build.0 = Debug|Any CPU
		{1029E84D-B6EB-4A53-AA5B-02DB8F258EAE}.Release|Any CPU.ActiveCfg = Release|Any CPU
		{1029E84D-B6EB-4A53-AA5B-02DB8F258EAE}.Release|Any CPU.Build.0 = Release|Any CPU
		{8385A949-8953-45BE-8AD6-F92A538283B1}.Debug|Any CPU.ActiveCfg = Debug|Any CPU
		{8385A949-8953-45BE-8AD6-F92A538283B1}.Debug|Any CPU.Build.0 = Debug|Any CPU
		{8385A949-8953-45BE-8AD6-F92A538283B1}.Release|Any CPU.ActiveCfg = Release|Any CPU
		{8385A949-8953-45BE-8AD6-F92A538283B1}.Release|Any CPU.Build.0 = Release|Any CPU
		{75A5AC51-C340-4FBC-B93E-CC70B9771FF2}.Debug|Any CPU.ActiveCfg = Debug|Any CPU
		{75A5AC51-C340-4FBC-B93E-CC70B9771FF2}.Debug|Any CPU.Build.0 = Debug|Any CPU
		{75A5AC51-C340-4FBC-B93E-CC70B9771FF2}.Release|Any CPU.ActiveCfg = Release|Any CPU
		{75A5AC51-C340-4FBC-B93E-CC70B9771FF2}.Release|Any CPU.Build.0 = Release|Any CPU
		{9DBFC8AF-5B2A-4224-9C0D-01F83924E8E0}.Debug|Any CPU.ActiveCfg = Debug|Any CPU
		{9DBFC8AF-5B2A-4224-9C0D-01F83924E8E0}.Debug|Any CPU.Build.0 = Debug|Any CPU
		{9DBFC8AF-5B2A-4224-9C0D-01F83924E8E0}.Release|Any CPU.ActiveCfg = Release|Any CPU
		{9DBFC8AF-5B2A-4224-9C0D-01F83924E8E0}.Release|Any CPU.Build.0 = Release|Any CPU
		{6B7F9E46-0E43-4164-A6AF-7599E11F7EAE}.Debug|Any CPU.ActiveCfg = Debug|Any CPU
		{6B7F9E46-0E43-4164-A6AF-7599E11F7EAE}.Debug|Any CPU.Build.0 = Debug|Any CPU
		{6B7F9E46-0E43-4164-A6AF-7599E11F7EAE}.Release|Any CPU.ActiveCfg = Release|Any CPU
		{6B7F9E46-0E43-4164-A6AF-7599E11F7EAE}.Release|Any CPU.Build.0 = Release|Any CPU
		{C99BAB01-32A0-4687-A46B-49E962250141}.Debug|Any CPU.ActiveCfg = Debug|Any CPU
		{C99BAB01-32A0-4687-A46B-49E962250141}.Debug|Any CPU.Build.0 = Debug|Any CPU
		{C99BAB01-32A0-4687-A46B-49E962250141}.Release|Any CPU.ActiveCfg = Release|Any CPU
		{C99BAB01-32A0-4687-A46B-49E962250141}.Release|Any CPU.Build.0 = Release|Any CPU
		{3C148236-BB8B-4232-BDA2-0A0E2AB81552}.Debug|Any CPU.ActiveCfg = Debug|Any CPU
		{3C148236-BB8B-4232-BDA2-0A0E2AB81552}.Debug|Any CPU.Build.0 = Debug|Any CPU
		{3C148236-BB8B-4232-BDA2-0A0E2AB81552}.Release|Any CPU.ActiveCfg = Release|Any CPU
		{3C148236-BB8B-4232-BDA2-0A0E2AB81552}.Release|Any CPU.Build.0 = Release|Any CPU
		{80B864E1-8787-4099-B803-911CEAB2ACF0}.Debug|Any CPU.ActiveCfg = Debug|Any CPU
		{80B864E1-8787-4099-B803-911CEAB2ACF0}.Debug|Any CPU.Build.0 = Debug|Any CPU
		{80B864E1-8787-4099-B803-911CEAB2ACF0}.Release|Any CPU.ActiveCfg = Release|Any CPU
		{80B864E1-8787-4099-B803-911CEAB2ACF0}.Release|Any CPU.Build.0 = Release|Any CPU
		{5C463417-8B52-457C-A1AA-C43ED23296A3}.Debug|Any CPU.ActiveCfg = Debug|Any CPU
		{5C463417-8B52-457C-A1AA-C43ED23296A3}.Debug|Any CPU.Build.0 = Debug|Any CPU
		{5C463417-8B52-457C-A1AA-C43ED23296A3}.Release|Any CPU.ActiveCfg = Release|Any CPU
		{5C463417-8B52-457C-A1AA-C43ED23296A3}.Release|Any CPU.Build.0 = Release|Any CPU
		{2F6703E7-40CE-45BC-A4ED-23EE448FD1C0}.Debug|Any CPU.ActiveCfg = Debug|Any CPU
		{2F6703E7-40CE-45BC-A4ED-23EE448FD1C0}.Debug|Any CPU.Build.0 = Debug|Any CPU
		{2F6703E7-40CE-45BC-A4ED-23EE448FD1C0}.Release|Any CPU.ActiveCfg = Release|Any CPU
		{2F6703E7-40CE-45BC-A4ED-23EE448FD1C0}.Release|Any CPU.Build.0 = Release|Any CPU
		{BF591155-53CC-4923-8E6D-AE8282D79ED1}.Debug|Any CPU.ActiveCfg = Debug|Any CPU
		{BF591155-53CC-4923-8E6D-AE8282D79ED1}.Debug|Any CPU.Build.0 = Debug|Any CPU
		{BF591155-53CC-4923-8E6D-AE8282D79ED1}.Release|Any CPU.ActiveCfg = Release|Any CPU
		{BF591155-53CC-4923-8E6D-AE8282D79ED1}.Release|Any CPU.Build.0 = Release|Any CPU
		{5692FC0D-DD46-45F2-84F8-E693B6FB3099}.Debug|Any CPU.ActiveCfg = Debug|Any CPU
		{5692FC0D-DD46-45F2-84F8-E693B6FB3099}.Debug|Any CPU.Build.0 = Debug|Any CPU
		{5692FC0D-DD46-45F2-84F8-E693B6FB3099}.Release|Any CPU.ActiveCfg = Release|Any CPU
		{5692FC0D-DD46-45F2-84F8-E693B6FB3099}.Release|Any CPU.Build.0 = Release|Any CPU
		{F146A1C6-BE89-4425-93E1-9D30E3C87C24}.Debug|Any CPU.ActiveCfg = Debug|Any CPU
		{F146A1C6-BE89-4425-93E1-9D30E3C87C24}.Debug|Any CPU.Build.0 = Debug|Any CPU
		{F146A1C6-BE89-4425-93E1-9D30E3C87C24}.Release|Any CPU.ActiveCfg = Release|Any CPU
		{F146A1C6-BE89-4425-93E1-9D30E3C87C24}.Release|Any CPU.Build.0 = Release|Any CPU
		{C70B068F-5359-48D1-A523-E6F4F7E50E52}.Debug|Any CPU.ActiveCfg = Debug|Any CPU
		{C70B068F-5359-48D1-A523-E6F4F7E50E52}.Debug|Any CPU.Build.0 = Debug|Any CPU
		{C70B068F-5359-48D1-A523-E6F4F7E50E52}.Release|Any CPU.ActiveCfg = Release|Any CPU
		{C70B068F-5359-48D1-A523-E6F4F7E50E52}.Release|Any CPU.Build.0 = Release|Any CPU
		{F46B661C-28CD-4D0B-BB64-D75DD2B325B4}.Debug|Any CPU.ActiveCfg = Debug|Any CPU
		{F46B661C-28CD-4D0B-BB64-D75DD2B325B4}.Debug|Any CPU.Build.0 = Debug|Any CPU
		{F46B661C-28CD-4D0B-BB64-D75DD2B325B4}.Release|Any CPU.ActiveCfg = Release|Any CPU
		{F46B661C-28CD-4D0B-BB64-D75DD2B325B4}.Release|Any CPU.Build.0 = Release|Any CPU
		{72D8C5AD-5439-4235-A355-A2546A509A05}.Debug|Any CPU.ActiveCfg = Debug|Any CPU
		{72D8C5AD-5439-4235-A355-A2546A509A05}.Debug|Any CPU.Build.0 = Debug|Any CPU
		{72D8C5AD-5439-4235-A355-A2546A509A05}.Release|Any CPU.ActiveCfg = Release|Any CPU
		{72D8C5AD-5439-4235-A355-A2546A509A05}.Release|Any CPU.Build.0 = Release|Any CPU
		{88C6FDD2-9CD4-4015-BB6C-3389C29003BE}.Debug|Any CPU.ActiveCfg = Debug|Any CPU
		{88C6FDD2-9CD4-4015-BB6C-3389C29003BE}.Debug|Any CPU.Build.0 = Debug|Any CPU
		{88C6FDD2-9CD4-4015-BB6C-3389C29003BE}.Release|Any CPU.ActiveCfg = Release|Any CPU
		{88C6FDD2-9CD4-4015-BB6C-3389C29003BE}.Release|Any CPU.Build.0 = Release|Any CPU
		{B1A7D5E1-4F6B-4D3A-9F8D-2C8A1E6B5A3F}.Debug|Any CPU.ActiveCfg = Debug|Any CPU
		{B1A7D5E1-4F6B-4D3A-9F8D-2C8A1E6B5A3F}.Debug|Any CPU.Build.0 = Debug|Any CPU
		{B1A7D5E1-4F6B-4D3A-9F8D-2C8A1E6B5A3F}.Release|Any CPU.ActiveCfg = Release|Any CPU
		{B1A7D5E1-4F6B-4D3A-9F8D-2C8A1E6B5A3F}.Release|Any CPU.Build.0 = Release|Any CPU
		{4D31DE79-3B0E-4CAF-91AB-F3ACFBBE5F9B}.Debug|Any CPU.ActiveCfg = Debug|Any CPU
		{4D31DE79-3B0E-4CAF-91AB-F3ACFBBE5F9B}.Debug|Any CPU.Build.0 = Debug|Any CPU
		{4D31DE79-3B0E-4CAF-91AB-F3ACFBBE5F9B}.Release|Any CPU.ActiveCfg = Release|Any CPU
		{4D31DE79-3B0E-4CAF-91AB-F3ACFBBE5F9B}.Release|Any CPU.Build.0 = Release|Any CPU
		{ACDE3183-B78B-48E8-AB68-101FFA2F242F}.Debug|Any CPU.ActiveCfg = Debug|Any CPU
		{ACDE3183-B78B-48E8-AB68-101FFA2F242F}.Debug|Any CPU.Build.0 = Debug|Any CPU
		{ACDE3183-B78B-48E8-AB68-101FFA2F242F}.Release|Any CPU.ActiveCfg = Release|Any CPU
		{ACDE3183-B78B-48E8-AB68-101FFA2F242F}.Release|Any CPU.Build.0 = Release|Any CPU
		{247A212C-EA3C-46D9-82B1-2D7A8DD839E1}.Debug|Any CPU.ActiveCfg = Debug|Any CPU
		{247A212C-EA3C-46D9-82B1-2D7A8DD839E1}.Debug|Any CPU.Build.0 = Debug|Any CPU
		{247A212C-EA3C-46D9-82B1-2D7A8DD839E1}.Release|Any CPU.ActiveCfg = Release|Any CPU
		{247A212C-EA3C-46D9-82B1-2D7A8DD839E1}.Release|Any CPU.Build.0 = Release|Any CPU
		{C7E1B331-2F79-4820-9AE4-52B0B3B45766}.Debug|Any CPU.ActiveCfg = Debug|Any CPU
		{C7E1B331-2F79-4820-9AE4-52B0B3B45766}.Debug|Any CPU.Build.0 = Debug|Any CPU
		{C7E1B331-2F79-4820-9AE4-52B0B3B45766}.Release|Any CPU.ActiveCfg = Release|Any CPU
		{C7E1B331-2F79-4820-9AE4-52B0B3B45766}.Release|Any CPU.Build.0 = Release|Any CPU
		{DF775724-F4C4-85A1-B474-C422CEB4B242}.Debug|Any CPU.ActiveCfg = Debug|Any CPU
		{DF775724-F4C4-85A1-B474-C422CEB4B242}.Debug|Any CPU.Build.0 = Debug|Any CPU
		{DF775724-F4C4-85A1-B474-C422CEB4B242}.Release|Any CPU.ActiveCfg = Release|Any CPU
		{DF775724-F4C4-85A1-B474-C422CEB4B242}.Release|Any CPU.Build.0 = Release|Any CPU
		{8C2C05C2-3F2E-6D6E-4FF4-AEEDFD88E003}.Debug|Any CPU.ActiveCfg = Debug|Any CPU
		{8C2C05C2-3F2E-6D6E-4FF4-AEEDFD88E003}.Debug|Any CPU.Build.0 = Debug|Any CPU
		{8C2C05C2-3F2E-6D6E-4FF4-AEEDFD88E003}.Release|Any CPU.ActiveCfg = Release|Any CPU
		{8C2C05C2-3F2E-6D6E-4FF4-AEEDFD88E003}.Release|Any CPU.Build.0 = Release|Any CPU
	EndGlobalSection
	GlobalSection(SolutionProperties) = preSolution
		HideSolutionNode = FALSE
	EndGlobalSection
	GlobalSection(NestedProjects) = preSolution
		{5C463417-8B52-457C-A1AA-C43ED23296A3} = {0CE2DEE3-ACB5-45F6-B995-6496481B4875}
		{A0988E26-18F3-4AE4-95DF-3BD3B0ABE37E} = {0CE2DEE3-ACB5-45F6-B995-6496481B4875}
	EndGlobalSection
	GlobalSection(ExtensibilityGlobals) = postSolution
		SolutionGuid = {AD46D1CE-DC9A-44B4-BBF1-92644FB798E0}
	EndGlobalSection
	GlobalSection(SharedMSBuildProjectFiles) = preSolution
		SharedLib\SharedLib.projitems*{247a212c-ea3c-46d9-82b1-2d7a8dd839e1}*SharedItemsImports = 5
		SharedLib\SharedLib.projitems*{4d31de79-3b0e-4caf-91ab-f3acfbbe5f9b}*SharedItemsImports = 5
		SharedLib\SharedLib.projitems*{72d8c5ad-5439-4235-a355-a2546a509a05}*SharedItemsImports = 5
		SharedLib\SharedLib.projitems*{75a5ac51-c340-4fbc-b93e-cc70b9771ff2}*SharedItemsImports = 5
		SharedLib\SharedLib.projitems*{88c6fdd2-9cd4-4015-bb6c-3389c29003be}*SharedItemsImports = 5
		SharedLib\SharedLib.projitems*{9dd14943-3f95-45c8-aace-0eb2582e47ef}*SharedItemsImports = 5
		SharedLib\SharedLib.projitems*{a0988e26-18f3-4ae4-95df-3bd3b0abe37e}*SharedItemsImports = 13
		SharedLib\SharedLib.projitems*{acde3183-b78b-48e8-ab68-101ffa2f242f}*SharedItemsImports = 5
		SharedLib\SharedLib.projitems*{b1a7d5e1-4f6b-4d3a-9f8d-2c8a1e6b5a3f}*SharedItemsImports = 5
		SharedLib\SharedLib.projitems*{df775724-f4c4-85a1-b474-c422ceb4b242}*SharedItemsImports = 5
	EndGlobalSection
EndGlobal
