Microsoft Visual Studio Solution File, Format Version 12.00
# Visual Studio Version 18
VisualStudioVersion = 18.4.11626.88 stable
MinimumVisualStudioVersion = 10.0.40219.1
Project("{FAE04EC0-301F-11D3-BF4B-00C04F79EFBC}") = "EliteDangerousOdysseyPlugin", "EliteDangerousOdysseyPlugin.csproj", "{B648F9A9-4951-4C59-8053-39C4B735B2A5}"
EndProject
Project("{FAE04EC0-301F-11D3-BF4B-00C04F79EFBC}") = "YawGLAPI", "..\YawGLAPI\YawGLAPI.csproj", "{6783A35C-1136-A9CE-92F8-A7667EC92B0C}"
EndProject
Project("{D954291E-2A0B-460D-934E-DC6B0785DB48}") = "SharedLib", "..\SharedLib\SharedLib.shproj", "{A0988E26-18F3-4AE4-95DF-3BD3B0ABE37E}"
EndProject
Global
	GlobalSection(SolutionConfigurationPlatforms) = preSolution
		Debug|Any CPU = Debug|Any CPU
		Release|Any CPU = Release|Any CPU
	EndGlobalSection
	GlobalSection(ProjectConfigurationPlatforms) = postSolution
		{B648F9A9-4951-4C59-8053-39C4B735B2A5}.Debug|Any CPU.ActiveCfg = Debug|Any CPU
		{B648F9A9-4951-4C59-8053-39C4B735B2A5}.Debug|Any CPU.Build.0 = Debug|Any CPU
		{B648F9A9-4951-4C59-8053-39C4B735B2A5}.Release|Any CPU.ActiveCfg = Release|Any CPU
		{B648F9A9-4951-4C59-8053-39C4B735B2A5}.Release|Any CPU.Build.0 = Release|Any CPU
		{6783A35C-1136-A9CE-92F8-A7667EC92B0C}.Debug|Any CPU.ActiveCfg = Debug|Any CPU
		{6783A35C-1136-A9CE-92F8-A7667EC92B0C}.Debug|Any CPU.Build.0 = Debug|Any CPU
		{6783A35C-1136-A9CE-92F8-A7667EC92B0C}.Release|Any CPU.ActiveCfg = Release|Any CPU
		{6783A35C-1136-A9CE-92F8-A7667EC92B0C}.Release|Any CPU.Build.0 = Release|Any CPU
	EndGlobalSection
	GlobalSection(SolutionProperties) = preSolution
		HideSolutionNode = FALSE
	EndGlobalSection
	GlobalSection(ExtensibilityGlobals) = postSolution
		SolutionGuid = {6F76EB57-2EFE-4C31-B59B-E1B6179B92FD}
	EndGlobalSection
	GlobalSection(SharedMSBuildProjectFiles) = preSolution
		..\SharedLib\SharedLib.projitems*{a0988e26-18f3-4ae4-95df-3bd3b0abe37e}*SharedItemsImports = 13
		..\SharedLib\SharedLib.projitems*{b648f9a9-4951-4c59-8053-39c4b735b2a5}*SharedItemsImports = 5
	EndGlobalSection
EndGlobal
